<?xml version="1.0" encoding="utf-8"?>
<Project ToolsVersion="16.0" xmlns="http://schemas.microsoft.com/developer/msbuild/2003">
  <ItemGroup>
    <ClCompile Include="F:\ketivee_org_project\zepra\src\main.cpp">
      <Filter>Source Files</Filter>
    </ClCompile>
    <ClCompile Include="F:\ketivee_org_project\zepra\src\engine\html_parser.cpp">
      <Filter>Source Files</Filter>
    </ClCompile>
    <ClCompile Include="F:\ketivee_org_project\zepra\src\engine\webkit_engine.cpp">
      <Filter>Source Files</Filter>
    </ClCompile>
    <ClCompile Include="F:\ketivee_org_project\zepra\src\engine\dev_tools.cpp">
      <Filter>Source Files</Filter>
    </ClCompile>
    <ClCompile Include="F:\ketivee_org_project\zepra\src\search\ketivee_search.cpp">
      <Filter>Source Files</Filter>
    </ClCompile>
    <ClCompile Include="F:\ketivee_org_project\zepra\src\ui\window.cpp">
      <Filter>Source Files</Filter>
    </ClCompile>
    <ClCompile Include="F:\ketivee_org_project\zepra\src\ui\tab_manager.cpp">
      <Filter>Source Files</Filter>
    </ClCompile>
    <ClCompile Include="F:\ketivee_org_project\zepra\src\ui\dev_tools_ui.cpp">
      <Filter>Source Files</Filter>
    </ClCompile>
    <ClCompile Include="F:\ketivee_org_project\zepra\src\sandbox\sandbox_manager.cpp">
      <Filter>Source Files</Filter>
    </ClCompile>
    <ClCompile Include="F:\ketivee_org_project\zepra\src\config\config_manager.cpp">
      <Filter>Source Files</Filter>
    </ClCompile>
    <ClCompile Include="F:\ketivee_org_project\zepra\src\platform\platform_infrastructure.cpp">
      <Filter>Source Files</Filter>
    </ClCompile>
  </ItemGroup>
  <ItemGroup>
    <ClInclude Include="F:\ketivee_org_project\zepra\include\common\types.h">
      <Filter>Header Files</Filter>
    </ClInclude>
    <ClInclude Include="F:\ketivee_org_project\zepra\include\common\constants.h">
      <Filter>Header Files</Filter>
    </ClInclude>
    <ClInclude Include="F:\ketivee_org_project\zepra\include\engine\html_parser.h">
      <Filter>Header Files</Filter>
    </ClInclude>
    <ClInclude Include="F:\ketivee_org_project\zepra\include\engine\webkit_engine.h">
      <Filter>Header Files</Filter>
    </ClInclude>
    <ClInclude Include="F:\ketivee_org_project\zepra\include\engine\dev_tools.h">
      <Filter>Header Files</Filter>
    </ClInclude>
    <ClInclude Include="F:\ketivee_org_project\zepra\include\search\ketivee_search.h">
      <Filter>Header Files</Filter>
    </ClInclude>
    <ClInclude Include="F:\ketivee_org_project\zepra\include\ui\window.h">
      <Filter>Header Files</Filter>
    </ClInclude>
    <ClInclude Include="F:\ketivee_org_project\zepra\include\ui\tab_manager.h">
      <Filter>Header Files</Filter>
    </ClInclude>
    <ClInclude Include="F:\ketivee_org_project\zepra\include\ui\dev_tools_ui.h">
      <Filter>Header Files</Filter>
    </ClInclude>
    <ClInclude Include="F:\ketivee_org_project\zepra\include\net\http.h">
      <Filter>Header Files</Filter>
    </ClInclude>
    <ClInclude Include="F:\ketivee_org_project\zepra\include\sandbox\sandbox_manager.h">
      <Filter>Header Files</Filter>
    </ClInclude>
    <ClInclude Include="F:\ketivee_org_project\zepra\include\config\dual_config.h">
      <Filter>Header Files</Filter>
    </ClInclude>
    <ClInclude Include="F:\ketivee_org_project\zepra\src\config\config_manager.h">
      <Filter>Header Files</Filter>
    </ClInclude>
  </ItemGroup>
  <ItemGroup>
    <CustomBuild Include="F:\ketivee_org_project\zepra\CMakeLists.txt" />
  </ItemGroup>
  <ItemGroup>
    <Filter Include="Header Files">
      <UniqueIdentifier>{6301254F-2908-33D0-AEB2-C7DA11B38808}</UniqueIdentifier>
    </Filter>
    <Filter Include="Source Files">
      <UniqueIdentifier>{39C77BBB-3737-3FD6-A468-A93555E01E32}</UniqueIdentifier>
    </Filter>
  </ItemGroup>
</Project>
