<?xml version="1.0" encoding="utf-8"?>
<Project ToolsVersion="16.0" xmlns="http://schemas.microsoft.com/developer/msbuild/2003">
  <ItemGroup>
    <CustomBuild Include="F:\ketivee_org_project\zepra\CMakeFiles\15c89bddd307d2172bf308e746eab461\generate.stamp.rule">
      <Filter>CMake Rules</Filter>
    </CustomBuild>
  </ItemGroup>
  <ItemGroup>
    <Filter Include="CMake Rules">
      <UniqueIdentifier>{485E2024-CE47-3373-A60E-32603681F3F1}</UniqueIdentifier>
    </Filter>
  </ItemGroup>
</Project>
